
Microsoft Visual Studio Solution File, Format Version 12.00
# Visual Studio Version 16
VisualStudioVersion = 16.0.30611.23
MinimumVisualStudioVersion = 10.0.40219.1
Project("{FAE04EC0-301F-11D3-BF4B-00C04F79EFBC}") = "CKSimEngineManagedPlugin", "CKSimEngineManagedPlugin\CKSimEngineManagedPlugin.csproj", "{AB197785-E4C8-42D6-A577-B4F1FE592D11}"
EndProject
Project("{FAE04EC0-301F-11D3-BF4B-00C04F79EFBC}") = "CKSimEngineManagedPluginTest", "CKSimEngineManagedPluginTest\CKSimEngineManagedPluginTest.csproj", "{A99EF43A-D5FD-41D5-B53F-E304526E2B82}"
EndProject
Global
	GlobalSection(SolutionConfigurationPlatforms) = preSolution
		Debug|Any CPU = Debug|Any CPU
		Release|Any CPU = Release|Any CPU
	EndGlobalSection
	GlobalSection(ProjectConfigurationPlatforms) = postSolution
		{AB197785-E4C8-42D6-A577-B4F1FE592D11}.Debug|Any CPU.ActiveCfg = Debug|Any CPU
		{AB197785-E4C8-42D6-A577-B4F1FE592D11}.Debug|Any CPU.Build.0 = Debug|Any CPU
		{AB197785-E4C8-42D6-A577-B4F1FE592D11}.Release|Any CPU.ActiveCfg = Release|Any CPU
		{AB197785-E4C8-42D6-A577-B4F1FE592D11}.Release|Any CPU.Build.0 = Release|Any CPU
		{A99EF43A-D5FD-41D5-B53F-E304526E2B82}.Debug|Any CPU.ActiveCfg = Debug|Any CPU
		{A99EF43A-D5FD-41D5-B53F-E304526E2B82}.Debug|Any CPU.Build.0 = Debug|Any CPU
		{A99EF43A-D5FD-41D5-B53F-E304526E2B82}.Release|Any CPU.ActiveCfg = Release|Any CPU
		{A99EF43A-D5FD-41D5-B53F-E304526E2B82}.Release|Any CPU.Build.0 = Release|Any CPU
	EndGlobalSection
	GlobalSection(SolutionProperties) = preSolution
		HideSolutionNode = FALSE
	EndGlobalSection
	GlobalSection(ExtensibilityGlobals) = postSolution
		SolutionGuid = {44F1E5FC-BE0A-42DB-B29D-266C88421E7C}
	EndGlobalSection
EndGlobal
